schema: '2.0'
stages:
  deduplicate_raw:
    cmd: python src/preprocessing/deduplicate.py --input data/raw --output 
      data/deduplicated
    deps:
    - path: data/raw
      hash: md5
      md5: 44371c03589877ee5c31b6efca871024.dir
      size: 229860225
      nfiles: 4315
    - path: src/preprocessing/deduplicate.py
      hash: md5
      md5: 78f2df60ac3af4dcb00ad4d2cf3e1de6
      size: 4246
    outs:
    - path: data/deduplicated
      hash: md5
      md5: db9f32631348a916a7a62f219f4c2d0c.dir
      size: 223518472
      nfiles: 4203
  deduplicate:
    cmd: python src/preprocessing/deduplicate.py --input data/raw --output 
      data/deduplicated
    deps:
    - path: data/raw
      hash: md5
      md5: 44371c03589877ee5c31b6efca871024.dir
      size: 229860225
      nfiles: 4315
    - path: src/preprocessing/deduplicate.py
      hash: md5
      md5: dd4df01c1a8f2793d16fe5184b49ecc0
      size: 4183
    outs:
    - path: data/deduplicated
      hash: md5
      md5: db9f32631348a916a7a62f219f4c2d0c.dir
      size: 223518472
      nfiles: 4203
  train_p1@convnext:
    cmd: python -m src.training.train --model convnext --train 
      data/deduplicated/train --val data/deduplicated/valid --out 
      models/p1/convnext --batch 16 --epochs 4
    deps:
    - path: data/deduplicated/train
      hash: md5
      md5: 27526b2d786990f153beb90c49449929.dir
      size: 156395286
      nfiles: 2946
    - path: data/deduplicated/valid
      hash: md5
      md5: 4dcd942d3ef5398b1c4c275e82e79962.dir
      size: 44487134
      nfiles: 833
    - path: src/training/train.py
      hash: md5
      md5: 74ead16cde01f6360db799d8328fcce1
      size: 5777
    outs:
    - path: models/p1/convnext/history.json
      hash: md5
      md5: f95152102facb7c1f27c34a0c3a480dd
      size: 286
    - path: models/p1/convnext/loss_plot.png
      hash: md5
      md5: 6a7ea94455dae6253d4c4a5ece71ec7e
      size: 153805
    - path: models/p1/convnext/model.pth
      hash: md5
      md5: d40f628a2fb730089ddca4cb5ef914d3
      size: 111353691
  evaluate_p1@convnext:
    cmd: python -m src.training.evaluate --model convnext --weights 
      models/p1/convnext/model.pth --data data/deduplicated/test --out 
      models/p1/convnext
    deps:
    - path: data/deduplicated/test
      hash: md5
      md5: e277f2cfdcf62b1beb0b6b001ef2fe06.dir
      size: 22636052
      nfiles: 424
    - path: models/p1/convnext/model.pth
      hash: md5
      md5: d40f628a2fb730089ddca4cb5ef914d3
      size: 111353691
    - path: src/training/evaluate.py
      hash: md5
      md5: 8205f553d6f02a22958d2435228fd20c
      size: 5401
    outs:
    - path: models/p1/convnext/confusion_matrix.png
      hash: md5
      md5: eee94053ffdc374cff4a72476654d6a9
      size: 154864
    - path: models/p1/convnext/metrics.json
      hash: md5
      md5: 45e261168d1852068eab6f03a87439b0
      size: 1738
  train_p1@effnet_v2_s:
    cmd: python -m src.training.train --model effnet_v2_s --train 
      data/deduplicated/train --val data/deduplicated/valid --out 
      models/p1/effnet_v2_s --batch 16 --epochs 4
    deps:
    - path: data/deduplicated/train
      hash: md5
      md5: 27526b2d786990f153beb90c49449929.dir
      size: 156395286
      nfiles: 2946
    - path: data/deduplicated/valid
      hash: md5
      md5: 4dcd942d3ef5398b1c4c275e82e79962.dir
      size: 44487134
      nfiles: 833
    - path: src/training/train.py
      hash: md5
      md5: 74ead16cde01f6360db799d8328fcce1
      size: 5777
    outs:
    - path: models/p1/effnet_v2_s/history.json
      hash: md5
      md5: 8cee5cdea42985074eafd2aea5b345b6
      size: 286
    - path: models/p1/effnet_v2_s/loss_plot.png
      hash: md5
      md5: 81af4653bb6770c30dca52476d0964c7
      size: 141599
    - path: models/p1/effnet_v2_s/model.pth
      hash: md5
      md5: 456050d57dbfe33ec0b9e38caee8bffb
      size: 81596987
  evaluate_p1@effnet_v2_s:
    cmd: python -m src.training.evaluate --model effnet_v2_s --weights 
      models/p1/effnet_v2_s/model.pth --data data/deduplicated/test --out 
      models/p1/effnet_v2_s
    deps:
    - path: data/deduplicated/test
      hash: md5
      md5: e277f2cfdcf62b1beb0b6b001ef2fe06.dir
      size: 22636052
      nfiles: 424
    - path: models/p1/effnet_v2_s/model.pth
      hash: md5
      md5: 456050d57dbfe33ec0b9e38caee8bffb
      size: 81596987
    - path: src/training/evaluate.py
      hash: md5
      md5: 8205f553d6f02a22958d2435228fd20c
      size: 5401
    outs:
    - path: models/p1/effnet_v2_s/confusion_matrix.png
      hash: md5
      md5: 8b4d7a2e4aba407593023c56b9968d68
      size: 153915
    - path: models/p1/effnet_v2_s/metrics.json
      hash: md5
      md5: f4c128ee2d9b64812f9a67888ec8cadc
      size: 1707
  augment_p2:
    cmd: python src/preprocessing/augment.py --input data/deduplicated/train 
      --output data/augmented/train
    deps:
    - path: data/deduplicated/train
      hash: md5
      md5: 27526b2d786990f153beb90c49449929.dir
      size: 156395286
      nfiles: 2946
    - path: src/preprocessing/augment.py
      hash: md5
      md5: c7bb2a7b5ec2283a8950ff079617b0db
      size: 4434
    outs:
    - path: data/augmented/train
      hash: md5
      md5: 315fd84ddb7104a427962c3f54e51e9e.dir
      size: 321769349
      nfiles: 5892
  train_p2@effnet_v2_s:
    cmd: python -m src.training.train --model effnet_v2_s --train 
      data/augmented/train --val data/deduplicated/valid --out 
      models/p2/effnet_v2_s --batch 16 --epochs 4
    deps:
    - path: data/augmented/train
      hash: md5
      md5: 315fd84ddb7104a427962c3f54e51e9e.dir
      size: 321769349
      nfiles: 5892
    - path: data/deduplicated/valid
      hash: md5
      md5: 4dcd942d3ef5398b1c4c275e82e79962.dir
      size: 44487134
      nfiles: 833
    - path: src/training/train.py
      hash: md5
      md5: 116d6b1a4a5b70dd8e6153e9c90a2483
      size: 6017
    outs:
    - path: models/p2/effnet_v2_s/history.json
      hash: md5
      md5: 41b4114b3d8c05c06b665b0227318277
      size: 291
    - path: models/p2/effnet_v2_s/loss_plot.png
      hash: md5
      md5: 244c5e3a63af2ac7446e93975607422f
      size: 154458
    - path: models/p2/effnet_v2_s/model.pth
      hash: md5
      md5: d0a44ded206671cb7f2148525bf8d7b7
      size: 81596987
  evaluate_p2@effnet_v2_s:
    cmd: python -m src.training.evaluate --model effnet_v2_s --weights 
      models/p2/effnet_v2_s/model.pth --data data/deduplicated/test --out 
      models/p2/effnet_v2_s
    deps:
    - path: data/deduplicated/test
      hash: md5
      md5: e277f2cfdcf62b1beb0b6b001ef2fe06.dir
      size: 22636052
      nfiles: 424
    - path: models/p2/effnet_v2_s/model.pth
      hash: md5
      md5: d0a44ded206671cb7f2148525bf8d7b7
      size: 81596987
    - path: src/training/evaluate.py
      hash: md5
      md5: 8205f553d6f02a22958d2435228fd20c
      size: 5401
    outs:
    - path: models/p2/effnet_v2_s/confusion_matrix.png
      hash: md5
      md5: ae6d2c1fdb46f92d28ddf37854625d31
      size: 154024
    - path: models/p2/effnet_v2_s/metrics.json
      hash: md5
      md5: 478aa8058b1c2999b5bc355d0f483aaf
      size: 1735
  train_p2@convnext:
    cmd: python -m src.training.train --model convnext --train 
      data/augmented/train --val data/deduplicated/valid --out 
      models/p2/convnext --batch 16 --epochs 4
    deps:
    - path: data/augmented/train
      hash: md5
      md5: 315fd84ddb7104a427962c3f54e51e9e.dir
      size: 321769349
      nfiles: 5892
    - path: data/deduplicated/valid
      hash: md5
      md5: 4dcd942d3ef5398b1c4c275e82e79962.dir
      size: 44487134
      nfiles: 833
    - path: src/training/train.py
      hash: md5
      md5: 116d6b1a4a5b70dd8e6153e9c90a2483
      size: 6017
    outs:
    - path: models/p2/convnext/history.json
      hash: md5
      md5: 13749cf7ec2cc010a8941a9d991b8920
      size: 290
    - path: models/p2/convnext/loss_plot.png
      hash: md5
      md5: a97e4e2ac5be0e1c2749039e1fe93693
      size: 139805
    - path: models/p2/convnext/model.pth
      hash: md5
      md5: a3eb50cc83af5218123b84de6515b690
      size: 111353691
  evaluate_p2@convnext:
    cmd: python -m src.training.evaluate --model convnext --weights 
      models/p2/convnext/model.pth --data data/deduplicated/test --out 
      models/p2/convnext
    deps:
    - path: data/deduplicated/test
      hash: md5
      md5: e277f2cfdcf62b1beb0b6b001ef2fe06.dir
      size: 22636052
      nfiles: 424
    - path: models/p2/convnext/model.pth
      hash: md5
      md5: a3eb50cc83af5218123b84de6515b690
      size: 111353691
    - path: src/training/evaluate.py
      hash: md5
      md5: 8205f553d6f02a22958d2435228fd20c
      size: 5401
    outs:
    - path: models/p2/convnext/confusion_matrix.png
      hash: md5
      md5: fca6b012fe79b92fbcfc6a01dbc64914
      size: 153643
    - path: models/p2/convnext/metrics.json
      hash: md5
      md5: 3553e64d7e061e53399f2e36bc7df2d8
      size: 1753
  balance_p3:
    cmd: python -m src.preprocessing.balance --input data/deduplicated/train 
      --output data/balanced/train
    deps:
    - path: data/deduplicated/train
      hash: md5
      md5: 27526b2d786990f153beb90c49449929.dir
      size: 156395286
      nfiles: 2946
    - path: src/preprocessing/balance.py
      hash: md5
      md5: 59a40ed58b0ed44e4ba9d151ff5497ce
      size: 2820
    outs:
    - path: data/balanced/train
      hash: md5
      md5: 3885112dd7ad191a18d3d28a044f0250.dir
      size: 60843493
      nfiles: 1170
  train_p3_phase1@effnet_v2_s:
    cmd: "python -m src.training.train  --model effnet_v2_s  --train data/balanced/train\
      \  --val data/deduplicated/valid  --out models/p3_phase1/effnet_v2_s  --batch
      16  --epochs 4\n"
    deps:
    - path: data/balanced/train
      hash: md5
      md5: 3885112dd7ad191a18d3d28a044f0250.dir
      size: 60843493
      nfiles: 1170
    - path: data/deduplicated/valid
      hash: md5
      md5: 4dcd942d3ef5398b1c4c275e82e79962.dir
      size: 44487134
      nfiles: 833
    - path: src/training/train.py
      hash: md5
      md5: 116d6b1a4a5b70dd8e6153e9c90a2483
      size: 6017
    outs:
    - path: models/p3_phase1/effnet_v2_s/loss_plot.png
      hash: md5
      md5: 9964d247df7cc8f9d4e434c81f7cd0e1
      size: 139743
    - path: models/p3_phase1/effnet_v2_s/model.pth
      hash: md5
      md5: 92e580be86fe15083b9da33644e24407
      size: 81596987
  train_p3_phase2@effnet_v2_s:
    cmd: "python -m src.training.train  --model effnet_v2_s  --train data/deduplicated/train\
      \  --val data/deduplicated/valid  --out models/p3_phase2/effnet_v2_s  --weights
      models/p3_phase1/effnet_v2_s/model.pth --batch 16  --epochs 4\n"
    deps:
    - path: data/deduplicated/train
      hash: md5
      md5: 27526b2d786990f153beb90c49449929.dir
      size: 156395286
      nfiles: 2946
    - path: data/deduplicated/valid
      hash: md5
      md5: 4dcd942d3ef5398b1c4c275e82e79962.dir
      size: 44487134
      nfiles: 833
    - path: models/p3_phase1/effnet_v2_s/model.pth
      hash: md5
      md5: 92e580be86fe15083b9da33644e24407
      size: 81596987
    - path: src/training/train.py
      hash: md5
      md5: 116d6b1a4a5b70dd8e6153e9c90a2483
      size: 6017
    outs:
    - path: models/p3_phase2/effnet_v2_s/history.json
      hash: md5
      md5: c7a9eed21a13608c5839b97b9e497fc6
      size: 290
    - path: models/p3_phase2/effnet_v2_s/loss_plot.png
      hash: md5
      md5: 54ae290a3e7c6bb10aa519d0656d816e
      size: 158967
    - path: models/p3_phase2/effnet_v2_s/model.pth
      hash: md5
      md5: face2d999860778f89580804f00c5e55
      size: 81596987
  evaluate_p3@effnet_v2_s:
    cmd: python -m src.training.evaluate --model effnet_v2_s --weights 
      models/p3_phase2/effnet_v2_s/model.pth --data data/deduplicated/test --out
      models/p3_phase2/effnet_v2_s
    deps:
    - path: data/deduplicated/test
      hash: md5
      md5: e277f2cfdcf62b1beb0b6b001ef2fe06.dir
      size: 22636052
      nfiles: 424
    - path: models/p3_phase2/effnet_v2_s/model.pth
      hash: md5
      md5: face2d999860778f89580804f00c5e55
      size: 81596987
    - path: src/training/evaluate.py
      hash: md5
      md5: dd9e1b4f451211bd9a2750afa224b133
      size: 5262
    outs:
    - path: models/p3_phase2/effnet_v2_s/classification_report.png
      hash: md5
      md5: 3032d9371c4f462e6318003d5172c908
      size: 158782
    - path: models/p3_phase2/effnet_v2_s/confusion_matrix.png
      hash: md5
      md5: 61e45b1ee43a69a50b2f7283b3931580
      size: 154642
    - path: models/p3_phase2/effnet_v2_s/metrics.json
      hash: md5
      md5: 53049b551fb4539ae6f6ec2049eb8c19
      size: 1776
  train_p3_phase1@convnext:
    cmd: "python -m src.training.train  --model convnext  --train data/balanced/train\
      \  --val data/deduplicated/valid  --out models/p3_phase1/convnext  --batch 16\
      \  --epochs 4\n"
    deps:
    - path: data/balanced/train
      hash: md5
      md5: 3885112dd7ad191a18d3d28a044f0250.dir
      size: 60843493
      nfiles: 1170
    - path: data/deduplicated/valid
      hash: md5
      md5: 4dcd942d3ef5398b1c4c275e82e79962.dir
      size: 44487134
      nfiles: 833
    - path: src/training/train.py
      hash: md5
      md5: 116d6b1a4a5b70dd8e6153e9c90a2483
      size: 6017
    outs:
    - path: models/p3_phase1/convnext/loss_plot.png
      hash: md5
      md5: 3c96e6e32f8f64919cba8360c149f2e8
      size: 143834
    - path: models/p3_phase1/convnext/model.pth
      hash: md5
      md5: 9bdd1ca30f1235ba35fb48301ed4b9eb
      size: 111353691
  train_p3_phase2@convnext:
    cmd: "python -m src.training.train  --model convnext  --train data/deduplicated/train\
      \  --val data/deduplicated/valid  --out models/p3_phase2/convnext  --weights
      models/p3_phase1/convnext/model.pth --batch 16  --epochs 4\n"
    deps:
    - path: data/deduplicated/train
      hash: md5
      md5: 27526b2d786990f153beb90c49449929.dir
      size: 156395286
      nfiles: 2946
    - path: data/deduplicated/valid
      hash: md5
      md5: 4dcd942d3ef5398b1c4c275e82e79962.dir
      size: 44487134
      nfiles: 833
    - path: models/p3_phase1/convnext/model.pth
      hash: md5
      md5: 9bdd1ca30f1235ba35fb48301ed4b9eb
      size: 111353691
    - path: src/training/train.py
      hash: md5
      md5: 116d6b1a4a5b70dd8e6153e9c90a2483
      size: 6017
    outs:
    - path: models/p3_phase2/convnext/history.json
      hash: md5
      md5: a0275ad83dda039f2fce5e6e082cd03d
      size: 289
    - path: models/p3_phase2/convnext/loss_plot.png
      hash: md5
      md5: 57daf171f97183883b8609d446944527
      size: 150475
    - path: models/p3_phase2/convnext/model.pth
      hash: md5
      md5: abb18bd4634dec80ef9196fbbcdcc2ce
      size: 111353691
  evaluate_p3@convnext:
    cmd: python -m src.training.evaluate --model convnext --weights 
      models/p3_phase2/convnext/model.pth --data data/deduplicated/test --out 
      models/p3_phase2/convnext
    deps:
    - path: data/deduplicated/test
      hash: md5
      md5: e277f2cfdcf62b1beb0b6b001ef2fe06.dir
      size: 22636052
      nfiles: 424
    - path: models/p3_phase2/convnext/model.pth
      hash: md5
      md5: abb18bd4634dec80ef9196fbbcdcc2ce
      size: 111353691
    - path: src/training/evaluate.py
      hash: md5
      md5: dd9e1b4f451211bd9a2750afa224b133
      size: 5262
    outs:
    - path: models/p3_phase2/convnext/classification_report.png
      hash: md5
      md5: 9373d6c803023e941c65a35e13c07684
      size: 166311
    - path: models/p3_phase2/convnext/confusion_matrix.png
      hash: md5
      md5: 6bc079b36f982e930ddd554f817769b2
      size: 151819
    - path: models/p3_phase2/convnext/metrics.json
      hash: md5
      md5: afda2770a09785d82336259690815154
      size: 1777
